
Microsoft Visual Studio Solution File, Format Version 11.00
# Visual Studio 2010
Project("{FAE04EC0-301F-11D3-BF4B-00C04F79EFBC}") = "TV_Sales_Page1", "TV_Sales_Page1.csproj", "{67259549-AD84-4AAC-9129-A6BF6972799E}"
EndProject
Global
	GlobalSection(SolutionConfigurationPlatforms) = preSolution
		Debug|Any CPU = Debug|Any CPU
		Release|Any CPU = Release|Any CPU
	EndGlobalSection
	GlobalSection(ProjectConfigurationPlatforms) = postSolution
		{67259549-AD84-4AAC-9129-A6BF6972799E}.Debug|Any CPU.ActiveCfg = Debug|Any CPU
		{67259549-AD84-4AAC-9129-A6BF6972799E}.Debug|Any CPU.Build.0 = Debug|Any CPU
		{67259549-AD84-4AAC-9129-A6BF6972799E}.Release|Any CPU.ActiveCfg = Release|Any CPU
		{67259549-AD84-4AAC-9129-A6BF6972799E}.Release|Any CPU.Build.0 = Release|Any CPU
	EndGlobalSection
	GlobalSection(SolutionProperties) = preSolution
		HideSolutionNode = FALSE
	EndGlobalSection
EndGlobal
